
Microsoft Visual Studio Solution File, Format Version 12.00
# Visual Studio Version 17
VisualStudioVersion = 17.14.36804.6 d17.14
MinimumVisualStudioVersion = 10.0.40219.1
Project("{FAE04EC0-301F-11D3-BF4B-00C04F79EFBC}") = "practicePalindroms", "practicePalindroms.csproj", "{8C6769F9-62AA-4C0E-AFA4-E021BD801D08}"
EndProject
Global
	GlobalSection(SolutionConfigurationPlatforms) = preSolution
		Debug|Any CPU = Debug|Any CPU
		Release|Any CPU = Release|Any CPU
	EndGlobalSection
	GlobalSection(ProjectConfigurationPlatforms) = postSolution
		{8C6769F9-62AA-4C0E-AFA4-E021BD801D08}.Debug|Any CPU.ActiveCfg = Debug|Any CPU
		{8C6769F9-62AA-4C0E-AFA4-E021BD801D08}.Debug|Any CPU.Build.0 = Debug|Any CPU
		{8C6769F9-62AA-4C0E-AFA4-E021BD801D08}.Release|Any CPU.ActiveCfg = Release|Any CPU
		{8C6769F9-62AA-4C0E-AFA4-E021BD801D08}.Release|Any CPU.Build.0 = Release|Any CPU
	EndGlobalSection
	GlobalSection(SolutionProperties) = preSolution
		HideSolutionNode = FALSE
	EndGlobalSection
	GlobalSection(ExtensibilityGlobals) = postSolution
		SolutionGuid = {F269BB82-65FC-4846-A53A-26BB1B54AA5F}
	EndGlobalSection
EndGlobal
